<Solution>
  <Project Path="bibiloteket.External.Services/bibiloteket.External.Services.csproj" Id="8ee21ce3-f6b9-4453-bced-445e77c40e2d" />
  <Project Path="biblioteket.ApiService/biblioteket.ApiService.csproj" />
  <Project Path="biblioteket.AppHost/biblioteket.AppHost.csproj" />
  <Project Path="biblioteket.ChromeImporter/biblioteket.ChromeImporter.csproj" />
  <Project Path="biblioteket.Data/biblioteket.Data.csproj" Id="044f99cd-45f8-4ca6-90a5-d36358eabe80" />
  <Project Path="biblioteket.ServiceDefaults/biblioteket.ServiceDefaults.csproj" />
  <Project Path="biblioteket.Services/biblioteket.Services.csproj" Id="851014ce-65d4-41bb-9411-b95538954cec" />
  <Project Path="biblioteket.Web/biblioteket.Web.csproj" />
  <Project Path="biblioteket.Worker/biblioteket.Worker.csproj" />
</Solution>
